
Microsoft Visual Studio Solution File, Format Version 12.00
# Visual Studio Version 16
VisualStudioVersion = 16.0.30907.101
MinimumVisualStudioVersion = 10.0.40219.1
Project("{FAE04EC0-301F-11D3-BF4B-00C04F79EFBC}") = "MVCProject", "MVCProject.csproj", "{849BECEB-CAD7-4E09-B68B-A84D9B7ED450}"
EndProject
Global
	GlobalSection(SolutionConfigurationPlatforms) = preSolution
		Debug|Any CPU = Debug|Any CPU
		Release|Any CPU = Release|Any CPU
	EndGlobalSection
	GlobalSection(ProjectConfigurationPlatforms) = postSolution
		{849BECEB-CAD7-4E09-B68B-A84D9B7ED450}.Debug|Any CPU.ActiveCfg = Debug|Any CPU
		{849BECEB-CAD7-4E09-B68B-A84D9B7ED450}.Debug|Any CPU.Build.0 = Debug|Any CPU
		{849BECEB-CAD7-4E09-B68B-A84D9B7ED450}.Release|Any CPU.ActiveCfg = Release|Any CPU
		{849BECEB-CAD7-4E09-B68B-A84D9B7ED450}.Release|Any CPU.Build.0 = Release|Any CPU
	EndGlobalSection
	GlobalSection(SolutionProperties) = preSolution
		HideSolutionNode = FALSE
	EndGlobalSection
	GlobalSection(ExtensibilityGlobals) = postSolution
		SolutionGuid = {2A904B9F-5D42-4A2C-BE35-D73D025FBA86}
	EndGlobalSection
EndGlobal
